<?xml version="1.0" encoding="UTF-8" standalone="yes" ?>
<CodeBlocks_project_file>
	<FileVersion major="1" minor="6" />
	<Project>
		<Option title="Voxel Octree" />
		<Option pch_mode="2" />
		<Option compiler="gcc" />
		<Build>
			<Target title="Debug">
				<Option output="bin/Debug/Voxel Octree" prefix_auto="1" extension_auto="1" />
				<Option working_dir="bin/Debug" />
				<Option object_output="obj/Debug/" />
				<Option type="1" />
				<Option compiler="gcc" />
				<Option projectCompilerOptionsRelation="2" />
				<Compiler>
					<Add option="-march=atom" />
					<Add option="-O3" />
					<Add option="-std=c++11" />
					<Add option="-fopenmp" />
					<Add option="-lgomp" />
					<Add directory="../Voxel Octree" />
					<Add directory="../common-libs/glew-2.0.0/include" />
					<Add directory="../common-libs/glfw-3.1.1/include" />
					<Add directory="../common-libs/AntTweakBar/include" />
				</Compiler>
				<Linker>
					<Add option="-lopengl32" />
					<Add option="-lgdi32" />
					<Add option="-fopenmp" />
					<Add library="../common-libs/glew/lib/libglew32.dll.a" />
					<Add library="../common-libs/glfw-3.1.1/build/src/glfw3dll.a" />
					<Add library="../common-libs/AntTweakBar/lib/AntTweakBar.lib" />
				</Linker>
			</Target>
			<Target title="Release">
				<Option output="bin/Release/Voxel Octree" prefix_auto="1" extension_auto="1" />
				<Option object_output="obj/Release/" />
				<Option type="1" />
				<Option compiler="gcc" />
				<Compiler>
					<Add option="-O2" />
				</Compiler>
				<Linker>
					<Add option="-s" />
				</Linker>
			</Target>
		</Build>
		<Compiler>
			<Add option="-Wall" />
			<Add option="-fexceptions" />
		</Compiler>
		<Unit filename="include/Cube.h" />
		<Unit filename="include/Model.h" />
		<Unit filename="include/Node.h">
			<Option target="Release" />
		</Unit>
		<Unit filename="include/Octree.h" />
		<Unit filename="include/PointCloud.h" />
		<Unit filename="include/TriBoxCollision.h" />
		<Unit filename="include/camera.h" />
		<Unit filename="include/emlFormat.h" />
		<Unit filename="include/gui.h" />
		<Unit filename="include/shader.h" />
		<Unit filename="main.cpp" />
		<Unit filename="src/Node.cpp" />
		<Extensions>
			<code_completion />
			<envvars />
			<debugger />
			<lib_finder disable_auto="1" />
		</Extensions>
	</Project>
</CodeBlocks_project_file>
